
Microsoft Visual Studio Solution File, Format Version 12.00
# Visual Studio Version 16
VisualStudioVersion = 16.0.29009.5
MinimumVisualStudioVersion = 10.0.40219.1
Project("{FAE04EC0-301F-11D3-BF4B-00C04F79EFBC}") = "Assignment", "Assignment\Assignment.csproj", "{426D01F7-E260-40CC-A475-787223A08C43}"
EndProject
Global
	GlobalSection(SolutionConfigurationPlatforms) = preSolution
		Debug|Any CPU = Debug|Any CPU
		Release|Any CPU = Release|Any CPU
	EndGlobalSection
	GlobalSection(ProjectConfigurationPlatforms) = postSolution
		{426D01F7-E260-40CC-A475-787223A08C43}.Debug|Any CPU.ActiveCfg = Debug|Any CPU
		{426D01F7-E260-40CC-A475-787223A08C43}.Debug|Any CPU.Build.0 = Debug|Any CPU
		{426D01F7-E260-40CC-A475-787223A08C43}.Release|Any CPU.ActiveCfg = Release|Any CPU
		{426D01F7-E260-40CC-A475-787223A08C43}.Release|Any CPU.Build.0 = Release|Any CPU
	EndGlobalSection
	GlobalSection(SolutionProperties) = preSolution
		HideSolutionNode = FALSE
	EndGlobalSection
	GlobalSection(ExtensibilityGlobals) = postSolution
		SolutionGuid = {A3EC00AF-56A1-4950-9B20-2370B14BE659}
	EndGlobalSection
EndGlobal
